
Microsoft Visual Studio Solution File, Format Version 12.00
# Visual Studio Version 17
VisualStudioVersion = 17.11.35327.3
MinimumVisualStudioVersion = 10.0.40219.1
Project("{9A19103F-16F7-4668-BE54-9A1E7A4F7556}") = "SalesDatePrediction.Api", "SalesDatePrediction.Api.csproj", "{03D3CBC0-12ED-4836-B58F-E598A8083AF0}"
EndProject
Project("{FAE04EC0-301F-11D3-BF4B-00C04F79EFBC}") = "SalesDatePrediction.Tests", "SalesDatePrediction.Tests\SalesDatePrediction.Tests.csproj", "{A6CD3275-754C-41F2-B178-F7797F1A8EA2}"
EndProject
Global
	GlobalSection(SolutionConfigurationPlatforms) = preSolution
		Debug|Any CPU = Debug|Any CPU
		Release|Any CPU = Release|Any CPU
	EndGlobalSection
	GlobalSection(ProjectConfigurationPlatforms) = postSolution
		{03D3CBC0-12ED-4836-B58F-E598A8083AF0}.Debug|Any CPU.ActiveCfg = Debug|Any CPU
		{03D3CBC0-12ED-4836-B58F-E598A8083AF0}.Debug|Any CPU.Build.0 = Debug|Any CPU
		{03D3CBC0-12ED-4836-B58F-E598A8083AF0}.Release|Any CPU.ActiveCfg = Release|Any CPU
		{03D3CBC0-12ED-4836-B58F-E598A8083AF0}.Release|Any CPU.Build.0 = Release|Any CPU
		{A6CD3275-754C-41F2-B178-F7797F1A8EA2}.Debug|Any CPU.ActiveCfg = Debug|Any CPU
		{A6CD3275-754C-41F2-B178-F7797F1A8EA2}.Debug|Any CPU.Build.0 = Debug|Any CPU
		{A6CD3275-754C-41F2-B178-F7797F1A8EA2}.Release|Any CPU.ActiveCfg = Release|Any CPU
		{A6CD3275-754C-41F2-B178-F7797F1A8EA2}.Release|Any CPU.Build.0 = Release|Any CPU
	EndGlobalSection
	GlobalSection(SolutionProperties) = preSolution
		HideSolutionNode = FALSE
	EndGlobalSection
	GlobalSection(ExtensibilityGlobals) = postSolution
		SolutionGuid = {115BCEE6-7D3D-4D96-9E95-FE58BB00ABEE}
	EndGlobalSection
EndGlobal
